schema: '2.0'
stages:
  data_cleaning:
    cmd: python src/data_cleaning.py data/raw/raw_dataset.csv 
      data/processed/cleaned_dataset.csv
    deps:
    - path: data/raw/raw_dataset.csv
      hash: md5
      md5: 28dc5a44bb7d55a0054cdac47c897698
      size: 56040819
    - path: src/data_cleaning.py
      hash: md5
      md5: c3c8cfdf47cb2caa6b6eaa45e34e2973
      size: 2116
    outs:
    - path: data/processed/cleaned_dataset.csv
      hash: md5
      md5: eecbd68c46eeca5cac8c180836861e6a
      size: 23736364
  model_building:
    cmd: python -m src.model_building data/processed/cleaned_dataset.csv
    deps:
    - path: data/processed/cleaned_dataset.csv
      hash: md5
      md5: eecbd68c46eeca5cac8c180836861e6a
      size: 23736364
    - path: src/feature_engineering.py
      hash: md5
      md5: b29ba6698ebd1e33d586132aac2eda47
      size: 584
    - path: src/model_building.py
      hash: md5
      md5: 2f68f2b516410a43530dce26ffeb6861
      size: 3823
